# This file is automatically @generated by Cargo.
# It is not intended for manual editing.
[[package]]
name = "bitwise-io"
version = "0.1.2"
source = "registry+https://github.com/rust-lang/crates.io-index"
checksum = "8ed4728a217acc1bd38955d1d8ba3fcc272128c1fe391847b19029edf92134d6"

[[package]]
name = "hound"
version = "3.4.0"
source = "registry+https://github.com/rust-lang/crates.io-index"
checksum = "8a164bb2ceaeff4f42542bdb847c41517c78a60f5649671b2a07312b6e117549"

[[package]]
name = "musicbytes"
version = "0.1.0"
dependencies = [
 "bitwise-io",
 "hound",
]
